// !$*UTF8*$!
{
	archiveVersion = 1;
	classes = {
	};
	objectVersion = 77;
	objects = {

/* Begin PBXBuildFile section */
		BB3AD2612F489F0000A33F52 /* AppConfig.swift in Sources */ = {isa = PBXBuildFile; fileRef = BB3AD2602F489F0000A33F52 /* AppConfig.swift */; };
		BB769D832F2E4DD3009B7C22 /* Assets.xcassets in Resources */ = {isa = PBXBuildFile; fileRef = BB769D7A2F2E4DD3009B7C22 /* Assets.xcassets */; };
		BB769D852F2E4DD3009B7C22 /* LaunchScreen.storyboard in Resources */ = {isa = PBXBuildFile; fileRef = BB769D7D2F2E4DD3009B7C22 /* LaunchScreen.storyboard */; };
		BB769D862F2E4DD3009B7C22 /* Main.storyboard in Resources */ = {isa = PBXBuildFile; fileRef = BB769D7F2F2E4DD3009B7C22 /* Main.storyboard */; };
		BB769D872F2E4DD3009B7C22 /* Photo.swift in Sources */ = {isa = PBXBuildFile; fileRef = BB769D742F2E4DD3009B7C22 /* Photo.swift */; };
		BB769D882F2E4DD3009B7C22 /* SceneDelegate.swift in Sources */ = {isa = PBXBuildFile; fileRef = BB769D802F2E4DD3009B7C22 /* SceneDelegate.swift */; };
		BB769D8D2F2E4DD3009B7C22 /* ErrorMessages.swift in Sources */ = {isa = PBXBuildFile; fileRef = BB769D732F2E4DD3009B7C22 /* ErrorMessages.swift */; };
		BB769DC72F2E7593009B7C22 /* AppDelegate.swift in Sources */ = {isa = PBXBuildFile; fileRef = BB769DC62F2E7593009B7C22 /* AppDelegate.swift */; };
		BB769E102F2FAF4F009B7C22 /* Kingfisher in Frameworks */ = {isa = PBXBuildFile; productRef = BB769E0F2F2FAF4F009B7C22 /* Kingfisher */; };
		BB769E152F2FC9BD009B7C22 /* FavoriteProtocol.swift in Sources */ = {isa = PBXBuildFile; fileRef = BB769E142F2FC9BD009B7C22 /* FavoriteProtocol.swift */; };
		BB769E172F2FCA90009B7C22 /* Favorites.swift in Sources */ = {isa = PBXBuildFile; fileRef = BB769E162F2FCA90009B7C22 /* Favorites.swift */; };
/* End PBXBuildFile section */

/* Begin PBXContainerItemProxy section */
		BB9965BF2F2CFC5400CCE291 /* PBXContainerItemProxy */ = {
			isa = PBXContainerItemProxy;
			containerPortal = BB9965A02F2CFC5200CCE291 /* Project object */;
			proxyType = 1;
			remoteGlobalIDString = BB9965A72F2CFC5200CCE291;
			remoteInfo = GalleryApp;
		};
		BB9965C92F2CFC5400CCE291 /* PBXContainerItemProxy */ = {
			isa = PBXContainerItemProxy;
			containerPortal = BB9965A02F2CFC5200CCE291 /* Project object */;
			proxyType = 1;
			remoteGlobalIDString = BB9965A72F2CFC5200CCE291;
			remoteInfo = GalleryApp;
		};
/* End PBXContainerItemProxy section */

/* Begin PBXFileReference section */
		BB3AD2602F489F0000A33F52 /* AppConfig.swift */ = {isa = PBXFileReference; lastKnownFileType = sourcecode.swift; path = AppConfig.swift; sourceTree = "<group>"; };
		BB769D492F2D71EB009B7C22 /* Secrets.xcconfig */ = {isa = PBXFileReference; lastKnownFileType = text.xcconfig; path = Secrets.xcconfig; sourceTree = "<group>"; };
		BB769D732F2E4DD3009B7C22 /* ErrorMessages.swift */ = {isa = PBXFileReference; lastKnownFileType = sourcecode.swift; path = ErrorMessages.swift; sourceTree = "<group>"; };
		BB769D742F2E4DD3009B7C22 /* Photo.swift */ = {isa = PBXFileReference; lastKnownFileType = sourcecode.swift; path = Photo.swift; sourceTree = "<group>"; };
		BB769D7A2F2E4DD3009B7C22 /* Assets.xcassets */ = {isa = PBXFileReference; lastKnownFileType = folder.assetcatalog; path = Assets.xcassets; sourceTree = "<group>"; };
		BB769D7B2F2E4DD3009B7C22 /* Info.plist */ = {isa = PBXFileReference; lastKnownFileType = text.plist.xml; path = Info.plist; sourceTree = "<group>"; };
		BB769D7C2F2E4DD3009B7C22 /* Base */ = {isa = PBXFileReference; lastKnownFileType = file.storyboard; name = Base; path = Base.lproj/LaunchScreen.storyboard; sourceTree = "<group>"; };
		BB769D7E2F2E4DD3009B7C22 /* Base */ = {isa = PBXFileReference; lastKnownFileType = file.storyboard; name = Base; path = Base.lproj/Main.storyboard; sourceTree = "<group>"; };
		BB769D802F2E4DD3009B7C22 /* SceneDelegate.swift */ = {isa = PBXFileReference; lastKnownFileType = sourcecode.swift; path = SceneDelegate.swift; sourceTree = "<group>"; };
		BB769DC62F2E7593009B7C22 /* AppDelegate.swift */ = {isa = PBXFileReference; lastKnownFileType = sourcecode.swift; path = AppDelegate.swift; sourceTree = "<group>"; };
		BB769E142F2FC9BD009B7C22 /* FavoriteProtocol.swift */ = {isa = PBXFileReference; lastKnownFileType = sourcecode.swift; path = FavoriteProtocol.swift; sourceTree = "<group>"; };
		BB769E162F2FCA90009B7C22 /* Favorites.swift */ = {isa = PBXFileReference; lastKnownFileType = sourcecode.swift; path = Favorites.swift; sourceTree = "<group>"; };
		BB9965A82F2CFC5200CCE291 /* GalleryApp.app */ = {isa = PBXFileReference; explicitFileType = wrapper.application; includeInIndex = 0; path = GalleryApp.app; sourceTree = BUILT_PRODUCTS_DIR; };
		BB9965BE2F2CFC5400CCE291 /* GalleryAppTests.xctest */ = {isa = PBXFileReference; explicitFileType = wrapper.cfbundle; includeInIndex = 0; path = GalleryAppTests.xctest; sourceTree = BUILT_PRODUCTS_DIR; };
		BB9965C82F2CFC5400CCE291 /* GalleryAppUITests.xctest */ = {isa = PBXFileReference; explicitFileType = wrapper.cfbundle; includeInIndex = 0; path = GalleryAppUITests.xctest; sourceTree = BUILT_PRODUCTS_DIR; };
/* End PBXFileReference section */

/* Begin PBXFileSystemSynchronizedBuildFileExceptionSet section */
		BB769DD22F2E8715009B7C22 /* Exceptions for "GalleryAppTests" folder in "GalleryAppTests" target */ = {
			isa = PBXFileSystemSynchronizedBuildFileExceptionSet;
			membershipExceptions = (
				Info.plist,
			);
			target = BB9965BD2F2CFC5400CCE291 /* GalleryAppTests */;
		};
/* End PBXFileSystemSynchronizedBuildFileExceptionSet section */

/* Begin PBXFileSystemSynchronizedRootGroup section */
		BB769DF62F2F8585009B7C22 /* Networking */ = {
			isa = PBXFileSystemSynchronizedRootGroup;
			path = Networking;
			sourceTree = "<group>";
		};
		BB769E002F2F8B65009B7C22 /* Presentation */ = {
			isa = PBXFileSystemSynchronizedRootGroup;
			path = Presentation;
			sourceTree = "<group>";
		};
		BB9965C12F2CFC5400CCE291 /* GalleryAppTests */ = {
			isa = PBXFileSystemSynchronizedRootGroup;
			exceptions = (
				BB769DD22F2E8715009B7C22 /* Exceptions for "GalleryAppTests" folder in "GalleryAppTests" target */,
			);
			path = GalleryAppTests;
			sourceTree = "<group>";
		};
/* End PBXFileSystemSynchronizedRootGroup section */

/* Begin PBXFrameworksBuildPhase section */
		BB9965A52F2CFC5200CCE291 /* Frameworks */ = {
			isa = PBXFrameworksBuildPhase;
			buildActionMask = 2147483647;
			files = (
				BB769E102F2FAF4F009B7C22 /* Kingfisher in Frameworks */,
			);
			runOnlyForDeploymentPostprocessing = 0;
		};
		BB9965BB2F2CFC5400CCE291 /* Frameworks */ = {
			isa = PBXFrameworksBuildPhase;
			buildActionMask = 2147483647;
			files = (
			);
			runOnlyForDeploymentPostprocessing = 0;
		};
		BB9965C52F2CFC5400CCE291 /* Frameworks */ = {
			isa = PBXFrameworksBuildPhase;
			buildActionMask = 2147483647;
			files = (
			);
			runOnlyForDeploymentPostprocessing = 0;
		};
/* End PBXFrameworksBuildPhase section */

/* Begin PBXGroup section */
		BB769D752F2E4DD3009B7C22 /* Models */ = {
			isa = PBXGroup;
			children = (
				BB769D732F2E4DD3009B7C22 /* ErrorMessages.swift */,
				BB769D742F2E4DD3009B7C22 /* Photo.swift */,
			);
			path = Models;
			sourceTree = "<group>";
		};
		BB769D772F2E4DD3009B7C22 /* Data */ = {
			isa = PBXGroup;
			children = (
				BB769E132F2FC9A0009B7C22 /* Favourite */,
				BB769D752F2E4DD3009B7C22 /* Models */,
				BB769DF62F2F8585009B7C22 /* Networking */,
			);
			path = Data;
			sourceTree = "<group>";
		};
		BB769D822F2E4DD3009B7C22 /* GalleryApp */ = {
			isa = PBXGroup;
			children = (
				BB769E002F2F8B65009B7C22 /* Presentation */,
				BB769D772F2E4DD3009B7C22 /* Data */,
				BB769D7A2F2E4DD3009B7C22 /* Assets.xcassets */,
				BB769D7B2F2E4DD3009B7C22 /* Info.plist */,
				BB769D7D2F2E4DD3009B7C22 /* LaunchScreen.storyboard */,
				BB769D7F2F2E4DD3009B7C22 /* Main.storyboard */,
				BB769D802F2E4DD3009B7C22 /* SceneDelegate.swift */,
				BB769DC62F2E7593009B7C22 /* AppDelegate.swift */,
			);
			path = GalleryApp;
			sourceTree = "<group>";
		};
		BB769E132F2FC9A0009B7C22 /* Favourite */ = {
			isa = PBXGroup;
			children = (
				BB769E142F2FC9BD009B7C22 /* FavoriteProtocol.swift */,
				BB769E162F2FCA90009B7C22 /* Favorites.swift */,
			);
			path = Favourite;
			sourceTree = "<group>";
		};
		BB99659F2F2CFC5200CCE291 = {
			isa = PBXGroup;
			children = (
				BB3AD2602F489F0000A33F52 /* AppConfig.swift */,
				BB769D492F2D71EB009B7C22 /* Secrets.xcconfig */,
				BB769D822F2E4DD3009B7C22 /* GalleryApp */,
				BB9965C12F2CFC5400CCE291 /* GalleryAppTests */,
				BB9965A92F2CFC5200CCE291 /* Products */,
			);
			sourceTree = "<group>";
		};
		BB9965A92F2CFC5200CCE291 /* Products */ = {
			isa = PBXGroup;
			children = (
				BB9965A82F2CFC5200CCE291 /* GalleryApp.app */,
				BB9965BE2F2CFC5400CCE291 /* GalleryAppTests.xctest */,
				BB9965C82F2CFC5400CCE291 /* GalleryAppUITests.xctest */,
			);
			name = Products;
			sourceTree = "<group>";
		};
/* End PBXGroup section */

/* Begin PBXNativeTarget section */
		BB9965A72F2CFC5200CCE291 /* GalleryApp */ = {
			isa = PBXNativeTarget;
			buildConfigurationList = BB9965D12F2CFC5400CCE291 /* Build configuration list for PBXNativeTarget "GalleryApp" */;
			buildPhases = (
				BB9965A42F2CFC5200CCE291 /* Sources */,
				BB9965A52F2CFC5200CCE291 /* Frameworks */,
				BB9965A62F2CFC5200CCE291 /* Resources */,
			);
			buildRules = (
			);
			dependencies = (
				BB4DD9662F2D3167004FBF11 /* PBXTargetDependency */,
			);
			fileSystemSynchronizedGroups = (
				BB769DF62F2F8585009B7C22 /* Networking */,
				BB769E002F2F8B65009B7C22 /* Presentation */,
			);
			name = GalleryApp;
			packageProductDependencies = (
				BB769E0F2F2FAF4F009B7C22 /* Kingfisher */,
			);
			productName = GalleryApp;
			productReference = BB9965A82F2CFC5200CCE291 /* GalleryApp.app */;
			productType = "com.apple.product-type.application";
		};
		BB9965BD2F2CFC5400CCE291 /* GalleryAppTests */ = {
			isa = PBXNativeTarget;
			buildConfigurationList = BB9965D62F2CFC5400CCE291 /* Build configuration list for PBXNativeTarget "GalleryAppTests" */;
			buildPhases = (
				BB9965BA2F2CFC5400CCE291 /* Sources */,
				BB9965BB2F2CFC5400CCE291 /* Frameworks */,
				BB9965BC2F2CFC5400CCE291 /* Resources */,
			);
			buildRules = (
			);
			dependencies = (
				BB9965C02F2CFC5400CCE291 /* PBXTargetDependency */,
			);
			fileSystemSynchronizedGroups = (
				BB9965C12F2CFC5400CCE291 /* GalleryAppTests */,
			);
			name = GalleryAppTests;
			packageProductDependencies = (
			);
			productName = GalleryAppTests;
			productReference = BB9965BE2F2CFC5400CCE291 /* GalleryAppTests.xctest */;
			productType = "com.apple.product-type.bundle.unit-test";
		};
		BB9965C72F2CFC5400CCE291 /* GalleryAppUITests */ = {
			isa = PBXNativeTarget;
			buildConfigurationList = BB9965D92F2CFC5400CCE291 /* Build configuration list for PBXNativeTarget "GalleryAppUITests" */;
			buildPhases = (
				BB9965C42F2CFC5400CCE291 /* Sources */,
				BB9965C52F2CFC5400CCE291 /* Frameworks */,
				BB9965C62F2CFC5400CCE291 /* Resources */,
			);
			buildRules = (
			);
			dependencies = (
				BB9965CA2F2CFC5400CCE291 /* PBXTargetDependency */,
			);
			name = GalleryAppUITests;
			packageProductDependencies = (
			);
			productName = GalleryAppUITests;
			productReference = BB9965C82F2CFC5400CCE291 /* GalleryAppUITests.xctest */;
			productType = "com.apple.product-type.bundle.ui-testing";
		};
/* End PBXNativeTarget section */

/* Begin PBXProject section */
		BB9965A02F2CFC5200CCE291 /* Project object */ = {
			isa = PBXProject;
			attributes = {
				BuildIndependentTargetsInParallel = 1;
				LastSwiftUpdateCheck = 1630;
				LastUpgradeCheck = 1630;
				TargetAttributes = {
					BB9965A72F2CFC5200CCE291 = {
						CreatedOnToolsVersion = 16.3;
					};
					BB9965BD2F2CFC5400CCE291 = {
						CreatedOnToolsVersion = 16.3;
						TestTargetID = BB9965A72F2CFC5200CCE291;
					};
					BB9965C72F2CFC5400CCE291 = {
						CreatedOnToolsVersion = 16.3;
						TestTargetID = BB9965A72F2CFC5200CCE291;
					};
				};
			};
			buildConfigurationList = BB9965A32F2CFC5200CCE291 /* Build configuration list for PBXProject "GalleryApp" */;
			developmentRegion = en;
			hasScannedForEncodings = 0;
			knownRegions = (
				en,
				Base,
			);
			mainGroup = BB99659F2F2CFC5200CCE291;
			minimizedProjectReferenceProxies = 1;
			packageReferences = (
				BB4DD9642F2D2F6B004FBF11 /* XCRemoteSwiftPackageReference "SwiftLint" */,
				BB769E0E2F2FAF4F009B7C22 /* XCRemoteSwiftPackageReference "Kingfisher" */,
			);
			preferredProjectObjectVersion = 77;
			productRefGroup = BB9965A92F2CFC5200CCE291 /* Products */;
			projectDirPath = "";
			projectRoot = "";
			targets = (
				BB9965A72F2CFC5200CCE291 /* GalleryApp */,
				BB9965BD2F2CFC5400CCE291 /* GalleryAppTests */,
				BB9965C72F2CFC5400CCE291 /* GalleryAppUITests */,
			);
		};
/* End PBXProject section */

/* Begin PBXResourcesBuildPhase section */
		BB9965A62F2CFC5200CCE291 /* Resources */ = {
			isa = PBXResourcesBuildPhase;
			buildActionMask = 2147483647;
			files = (
				BB769D832F2E4DD3009B7C22 /* Assets.xcassets in Resources */,
				BB769D852F2E4DD3009B7C22 /* LaunchScreen.storyboard in Resources */,
				BB769D862F2E4DD3009B7C22 /* Main.storyboard in Resources */,
			);
			runOnlyForDeploymentPostprocessing = 0;
		};
		BB9965BC2F2CFC5400CCE291 /* Resources */ = {
			isa = PBXResourcesBuildPhase;
			buildActionMask = 2147483647;
			files = (
			);
			runOnlyForDeploymentPostprocessing = 0;
		};
		BB9965C62F2CFC5400CCE291 /* Resources */ = {
			isa = PBXResourcesBuildPhase;
			buildActionMask = 2147483647;
			files = (
			);
			runOnlyForDeploymentPostprocessing = 0;
		};
/* End PBXResourcesBuildPhase section */

/* Begin PBXSourcesBuildPhase section */
		BB9965A42F2CFC5200CCE291 /* Sources */ = {
			isa = PBXSourcesBuildPhase;
			buildActionMask = 2147483647;
			files = (
				BB769E152F2FC9BD009B7C22 /* FavoriteProtocol.swift in Sources */,
				BB769DC72F2E7593009B7C22 /* AppDelegate.swift in Sources */,
				BB769D872F2E4DD3009B7C22 /* Photo.swift in Sources */,
				BB3AD2612F489F0000A33F52 /* AppConfig.swift in Sources */,
				BB769E172F2FCA90009B7C22 /* Favorites.swift in Sources */,
				BB769D882F2E4DD3009B7C22 /* SceneDelegate.swift in Sources */,
				BB769D8D2F2E4DD3009B7C22 /* ErrorMessages.swift in Sources */,
			);
			runOnlyForDeploymentPostprocessing = 0;
		};
		BB9965BA2F2CFC5400CCE291 /* Sources */ = {
			isa = PBXSourcesBuildPhase;
			buildActionMask = 2147483647;
			files = (
			);
			runOnlyForDeploymentPostprocessing = 0;
		};
		BB9965C42F2CFC5400CCE291 /* Sources */ = {
			isa = PBXSourcesBuildPhase;
			buildActionMask = 2147483647;
			files = (
			);
			runOnlyForDeploymentPostprocessing = 0;
		};
/* End PBXSourcesBuildPhase section */

/* Begin PBXTargetDependency section */
		BB4DD9662F2D3167004FBF11 /* PBXTargetDependency */ = {
			isa = PBXTargetDependency;
			productRef = BB4DD9652F2D3167004FBF11 /* SwiftLintBuildToolPlugin */;
		};
		BB9965C02F2CFC5400CCE291 /* PBXTargetDependency */ = {
			isa = PBXTargetDependency;
			target = BB9965A72F2CFC5200CCE291 /* GalleryApp */;
			targetProxy = BB9965BF2F2CFC5400CCE291 /* PBXContainerItemProxy */;
		};
		BB9965CA2F2CFC5400CCE291 /* PBXTargetDependency */ = {
			isa = PBXTargetDependency;
			target = BB9965A72F2CFC5200CCE291 /* GalleryApp */;
			targetProxy = BB9965C92F2CFC5400CCE291 /* PBXContainerItemProxy */;
		};
/* End PBXTargetDependency section */

/* Begin PBXVariantGroup section */
		BB769D7D2F2E4DD3009B7C22 /* LaunchScreen.storyboard */ = {
			isa = PBXVariantGroup;
			children = (
				BB769D7C2F2E4DD3009B7C22 /* Base */,
			);
			name = LaunchScreen.storyboard;
			sourceTree = "<group>";
		};
		BB769D7F2F2E4DD3009B7C22 /* Main.storyboard */ = {
			isa = PBXVariantGroup;
			children = (
				BB769D7E2F2E4DD3009B7C22 /* Base */,
			);
			name = Main.storyboard;
			sourceTree = "<group>";
		};
/* End PBXVariantGroup section */

/* Begin XCBuildConfiguration section */
		BB9965D22F2CFC5400CCE291 /* Debug */ = {
			isa = XCBuildConfiguration;
			baseConfigurationReference = BB769D492F2D71EB009B7C22 /* Secrets.xcconfig */;
			buildSettings = {
				ASSETCATALOG_COMPILER_APPICON_NAME = AppIcon;
				ASSETCATALOG_COMPILER_GLOBAL_ACCENT_COLOR_NAME = AccentColor;
				CODE_SIGN_STYLE = Automatic;
				CURRENT_PROJECT_VERSION = 1;
				DEVELOPMENT_TEAM = 3497GF57QJ;
				GENERATE_INFOPLIST_FILE = YES;
				INFOPLIST_FILE = GalleryApp/Info.plist;
				INFOPLIST_KEY_CFBundleDisplayName = GalleryApp;
				INFOPLIST_KEY_UIApplicationSupportsIndirectInputEvents = YES;
				INFOPLIST_KEY_UILaunchStoryboardName = LaunchScreen;
				INFOPLIST_KEY_UIStatusBarStyle = "";
				INFOPLIST_KEY_UISupportedInterfaceOrientations_iPad = "UIInterfaceOrientationPortrait UIInterfaceOrientationPortraitUpsideDown UIInterfaceOrientationLandscapeLeft UIInterfaceOrientationLandscapeRight";
				INFOPLIST_KEY_UISupportedInterfaceOrientations_iPhone = "UIInterfaceOrientationPortrait UIInterfaceOrientationLandscapeLeft UIInterfaceOrientationLandscapeRight";
				LD_RUNPATH_SEARCH_PATHS = (
					"$(inherited)",
					"@executable_path/Frameworks",
				);
				MARKETING_VERSION = 1.0;
				PRODUCT_BUNDLE_IDENTIFIER = com.badrakova.learning.GalleryApp;
				PRODUCT_NAME = "$(TARGET_NAME)";
				SWIFT_EMIT_LOC_STRINGS = YES;
				SWIFT_VERSION = 5.0;
				TARGETED_DEVICE_FAMILY = "1,2";
			};
			name = Debug;
		};
		BB9965D32F2CFC5400CCE291 /* Release */ = {
			isa = XCBuildConfiguration;
			baseConfigurationReference = BB769D492F2D71EB009B7C22 /* Secrets.xcconfig */;
			buildSettings = {
				ASSETCATALOG_COMPILER_APPICON_NAME = AppIcon;
				ASSETCATALOG_COMPILER_GLOBAL_ACCENT_COLOR_NAME = AccentColor;
				CODE_SIGN_STYLE = Automatic;
				CURRENT_PROJECT_VERSION = 1;
				DEVELOPMENT_TEAM = 3497GF57QJ;
				GENERATE_INFOPLIST_FILE = YES;
				INFOPLIST_FILE = GalleryApp/Info.plist;
				INFOPLIST_KEY_CFBundleDisplayName = GalleryApp;
				INFOPLIST_KEY_UIApplicationSupportsIndirectInputEvents = YES;
				INFOPLIST_KEY_UILaunchStoryboardName = LaunchScreen;
				INFOPLIST_KEY_UIStatusBarStyle = "";
				INFOPLIST_KEY_UISupportedInterfaceOrientations_iPad = "UIInterfaceOrientationPortrait UIInterfaceOrientationPortraitUpsideDown UIInterfaceOrientationLandscapeLeft UIInterfaceOrientationLandscapeRight";
				INFOPLIST_KEY_UISupportedInterfaceOrientations_iPhone = "UIInterfaceOrientationPortrait UIInterfaceOrientationLandscapeLeft UIInterfaceOrientationLandscapeRight";
				LD_RUNPATH_SEARCH_PATHS = (
					"$(inherited)",
					"@executable_path/Frameworks",
				);
				MARKETING_VERSION = 1.0;
				PRODUCT_BUNDLE_IDENTIFIER = com.badrakova.learning.GalleryApp;
				PRODUCT_NAME = "$(TARGET_NAME)";
				SWIFT_EMIT_LOC_STRINGS = YES;
				SWIFT_VERSION = 5.0;
				TARGETED_DEVICE_FAMILY = "1,2";
			};
			name = Release;
		};
		BB9965D42F2CFC5400CCE291 /* Debug */ = {
			isa = XCBuildConfiguration;
			baseConfigurationReference = BB769D492F2D71EB009B7C22 /* Secrets.xcconfig */;
			buildSettings = {
				ALWAYS_SEARCH_USER_PATHS = NO;
				ASSETCATALOG_COMPILER_GENERATE_SWIFT_ASSET_SYMBOL_EXTENSIONS = YES;
				CLANG_ANALYZER_NONNULL = YES;
				CLANG_ANALYZER_NUMBER_OBJECT_CONVERSION = YES_AGGRESSIVE;
				CLANG_CXX_LANGUAGE_STANDARD = "gnu++20";
				CLANG_ENABLE_MODULES = YES;
				CLANG_ENABLE_OBJC_ARC = YES;
				CLANG_ENABLE_OBJC_WEAK = YES;
				CLANG_WARN_BLOCK_CAPTURE_AUTORELEASING = YES;
				CLANG_WARN_BOOL_CONVERSION = YES;
				CLANG_WARN_COMMA = YES;
				CLANG_WARN_CONSTANT_CONVERSION = YES;
				CLANG_WARN_DEPRECATED_OBJC_IMPLEMENTATIONS = YES;
				CLANG_WARN_DIRECT_OBJC_ISA_USAGE = YES_ERROR;
				CLANG_WARN_DOCUMENTATION_COMMENTS = YES;
				CLANG_WARN_EMPTY_BODY = YES;
				CLANG_WARN_ENUM_CONVERSION = YES;
				CLANG_WARN_INFINITE_RECURSION = YES;
				CLANG_WARN_INT_CONVERSION = YES;
				CLANG_WARN_NON_LITERAL_NULL_CONVERSION = YES;
				CLANG_WARN_OBJC_IMPLICIT_RETAIN_SELF = YES;
				CLANG_WARN_OBJC_LITERAL_CONVERSION = YES;
				CLANG_WARN_OBJC_ROOT_CLASS = YES_ERROR;
				CLANG_WARN_QUOTED_INCLUDE_IN_FRAMEWORK_HEADER = YES;
				CLANG_WARN_RANGE_LOOP_ANALYSIS = YES;
				CLANG_WARN_STRICT_PROTOTYPES = YES;
				CLANG_WARN_SUSPICIOUS_MOVE = YES;
				CLANG_WARN_UNGUARDED_AVAILABILITY = YES_AGGRESSIVE;
				CLANG_WARN_UNREACHABLE_CODE = YES;
				CLANG_WARN__DUPLICATE_METHOD_MATCH = YES;
				COPY_PHASE_STRIP = NO;
				DEBUG_INFORMATION_FORMAT = dwarf;
				DEVELOPMENT_TEAM = 3497GF57QJ;
				ENABLE_STRICT_OBJC_MSGSEND = YES;
				ENABLE_TESTABILITY = YES;
				ENABLE_USER_SCRIPT_SANDBOXING = YES;
				GCC_C_LANGUAGE_STANDARD = gnu17;
				GCC_DYNAMIC_NO_PIC = NO;
				GCC_NO_COMMON_BLOCKS = YES;
				GCC_OPTIMIZATION_LEVEL = 0;
				GCC_PREPROCESSOR_DEFINITIONS = (
					"DEBUG=1",
					"$(inherited)",
				);
				GCC_WARN_64_TO_32_BIT_CONVERSION = YES;
				GCC_WARN_ABOUT_RETURN_TYPE = YES_ERROR;
				GCC_WARN_UNDECLARED_SELECTOR = YES;
				GCC_WARN_UNINITIALIZED_AUTOS = YES_AGGRESSIVE;
				GCC_WARN_UNUSED_FUNCTION = YES;
				GCC_WARN_UNUSED_VARIABLE = YES;
				IPHONEOS_DEPLOYMENT_TARGET = 18.4;
				LOCALIZATION_PREFERS_STRING_CATALOGS = YES;
				MTL_ENABLE_DEBUG_INFO = INCLUDE_SOURCE;
				MTL_FAST_MATH = YES;
				ONLY_ACTIVE_ARCH = YES;
				SDKROOT = iphoneos;
				SWIFT_ACTIVE_COMPILATION_CONDITIONS = "DEBUG $(inherited)";
				SWIFT_OPTIMIZATION_LEVEL = "-Onone";
			};
			name = Debug;
		};
		BB9965D52F2CFC5400CCE291 /* Release */ = {
			isa = XCBuildConfiguration;
			baseConfigurationReference = BB769D492F2D71EB009B7C22 /* Secrets.xcconfig */;
			buildSettings = {
				ALWAYS_SEARCH_USER_PATHS = NO;
				ASSETCATALOG_COMPILER_GENERATE_SWIFT_ASSET_SYMBOL_EXTENSIONS = YES;
				CLANG_ANALYZER_NONNULL = YES;
				CLANG_ANALYZER_NUMBER_OBJECT_CONVERSION = YES_AGGRESSIVE;
				CLANG_CXX_LANGUAGE_STANDARD = "gnu++20";
				CLANG_ENABLE_MODULES = YES;
				CLANG_ENABLE_OBJC_ARC = YES;
				CLANG_ENABLE_OBJC_WEAK = YES;
				CLANG_WARN_BLOCK_CAPTURE_AUTORELEASING = YES;
				CLANG_WARN_BOOL_CONVERSION = YES;
				CLANG_WARN_COMMA = YES;
				CLANG_WARN_CONSTANT_CONVERSION = YES;
				CLANG_WARN_DEPRECATED_OBJC_IMPLEMENTATIONS = YES;
				CLANG_WARN_DIRECT_OBJC_ISA_USAGE = YES_ERROR;
				CLANG_WARN_DOCUMENTATION_COMMENTS = YES;
				CLANG_WARN_EMPTY_BODY = YES;
				CLANG_WARN_ENUM_CONVERSION = YES;
				CLANG_WARN_INFINITE_RECURSION = YES;
				CLANG_WARN_INT_CONVERSION = YES;
				CLANG_WARN_NON_LITERAL_NULL_CONVERSION = YES;
				CLANG_WARN_OBJC_IMPLICIT_RETAIN_SELF = YES;
				CLANG_WARN_OBJC_LITERAL_CONVERSION = YES;
				CLANG_WARN_OBJC_ROOT_CLASS = YES_ERROR;
				CLANG_WARN_QUOTED_INCLUDE_IN_FRAMEWORK_HEADER = YES;
				CLANG_WARN_RANGE_LOOP_ANALYSIS = YES;
				CLANG_WARN_STRICT_PROTOTYPES = YES;
				CLANG_WARN_SUSPICIOUS_MOVE = YES;
				CLANG_WARN_UNGUARDED_AVAILABILITY = YES_AGGRESSIVE;
				CLANG_WARN_UNREACHABLE_CODE = YES;
				CLANG_WARN__DUPLICATE_METHOD_MATCH = YES;
				COPY_PHASE_STRIP = NO;
				DEBUG_INFORMATION_FORMAT = "dwarf-with-dsym";
				DEVELOPMENT_TEAM = 3497GF57QJ;
				ENABLE_NS_ASSERTIONS = NO;
				ENABLE_STRICT_OBJC_MSGSEND = YES;
				ENABLE_USER_SCRIPT_SANDBOXING = YES;
				GCC_C_LANGUAGE_STANDARD = gnu17;
				GCC_NO_COMMON_BLOCKS = YES;
				GCC_WARN_64_TO_32_BIT_CONVERSION = YES;
				GCC_WARN_ABOUT_RETURN_TYPE = YES_ERROR;
				GCC_WARN_UNDECLARED_SELECTOR = YES;
				GCC_WARN_UNINITIALIZED_AUTOS = YES_AGGRESSIVE;
				GCC_WARN_UNUSED_FUNCTION = YES;
				GCC_WARN_UNUSED_VARIABLE = YES;
				IPHONEOS_DEPLOYMENT_TARGET = 18.4;
				LOCALIZATION_PREFERS_STRING_CATALOGS = YES;
				MTL_ENABLE_DEBUG_INFO = NO;
				MTL_FAST_MATH = YES;
				SDKROOT = iphoneos;
				SWIFT_COMPILATION_MODE = wholemodule;
				VALIDATE_PRODUCT = YES;
			};
			name = Release;
		};
		BB9965D72F2CFC5400CCE291 /* Debug */ = {
			isa = XCBuildConfiguration;
			baseConfigurationReference = BB769D492F2D71EB009B7C22 /* Secrets.xcconfig */;
			buildSettings = {
				BUNDLE_LOADER = "$(TEST_HOST)";
				CODE_SIGN_STYLE = Automatic;
				CURRENT_PROJECT_VERSION = 1;
				DEVELOPMENT_TEAM = 3497GF57QJ;
				GENERATE_INFOPLIST_FILE = YES;
				INFOPLIST_FILE = GalleryAppTests/Info.plist;
				IPHONEOS_DEPLOYMENT_TARGET = 18.4;
				MARKETING_VERSION = 1.0;
				PRODUCT_BUNDLE_IDENTIFIER = com.badrakova.learning.GalleryAppTests;
				PRODUCT_NAME = "$(TARGET_NAME)";
				SWIFT_EMIT_LOC_STRINGS = NO;
				SWIFT_VERSION = 5.0;
				TARGETED_DEVICE_FAMILY = "1,2";
				TEST_HOST = "$(BUILT_PRODUCTS_DIR)/GalleryApp.app/$(BUNDLE_EXECUTABLE_FOLDER_PATH)/GalleryApp";
			};
			name = Debug;
		};
		BB9965D82F2CFC5400CCE291 /* Release */ = {
			isa = XCBuildConfiguration;
			baseConfigurationReference = BB769D492F2D71EB009B7C22 /* Secrets.xcconfig */;
			buildSettings = {
				BUNDLE_LOADER = "$(TEST_HOST)";
				CODE_SIGN_STYLE = Automatic;
				CURRENT_PROJECT_VERSION = 1;
				DEVELOPMENT_TEAM = 3497GF57QJ;
				GENERATE_INFOPLIST_FILE = YES;
				INFOPLIST_FILE = GalleryAppTests/Info.plist;
				IPHONEOS_DEPLOYMENT_TARGET = 18.4;
				MARKETING_VERSION = 1.0;
				PRODUCT_BUNDLE_IDENTIFIER = com.badrakova.learning.GalleryAppTests;
				PRODUCT_NAME = "$(TARGET_NAME)";
				SWIFT_EMIT_LOC_STRINGS = NO;
				SWIFT_VERSION = 5.0;
				TARGETED_DEVICE_FAMILY = "1,2";
				TEST_HOST = "$(BUILT_PRODUCTS_DIR)/GalleryApp.app/$(BUNDLE_EXECUTABLE_FOLDER_PATH)/GalleryApp";
			};
			name = Release;
		};
		BB9965DA2F2CFC5400CCE291 /* Debug */ = {
			isa = XCBuildConfiguration;
			buildSettings = {
				CODE_SIGN_STYLE = Automatic;
				CURRENT_PROJECT_VERSION = 1;
				DEVELOPMENT_TEAM = 3497GF57QJ;
				GENERATE_INFOPLIST_FILE = YES;
				MARKETING_VERSION = 1.0;
				PRODUCT_BUNDLE_IDENTIFIER = com.badrakova.learning.GalleryAppUITests;
				PRODUCT_NAME = "$(TARGET_NAME)";
				SWIFT_EMIT_LOC_STRINGS = NO;
				SWIFT_VERSION = 5.0;
				TARGETED_DEVICE_FAMILY = "1,2";
				TEST_TARGET_NAME = GalleryApp;
			};
			name = Debug;
		};
		BB9965DB2F2CFC5400CCE291 /* Release */ = {
			isa = XCBuildConfiguration;
			buildSettings = {
				CODE_SIGN_STYLE = Automatic;
				CURRENT_PROJECT_VERSION = 1;
				DEVELOPMENT_TEAM = 3497GF57QJ;
				GENERATE_INFOPLIST_FILE = YES;
				MARKETING_VERSION = 1.0;
				PRODUCT_BUNDLE_IDENTIFIER = com.badrakova.learning.GalleryAppUITests;
				PRODUCT_NAME = "$(TARGET_NAME)";
				SWIFT_EMIT_LOC_STRINGS = NO;
				SWIFT_VERSION = 5.0;
				TARGETED_DEVICE_FAMILY = "1,2";
				TEST_TARGET_NAME = GalleryApp;
			};
			name = Release;
		};
/* End XCBuildConfiguration section */

/* Begin XCConfigurationList section */
		BB9965A32F2CFC5200CCE291 /* Build configuration list for PBXProject "GalleryApp" */ = {
			isa = XCConfigurationList;
			buildConfigurations = (
				BB9965D42F2CFC5400CCE291 /* Debug */,
				BB9965D52F2CFC5400CCE291 /* Release */,
			);
			defaultConfigurationIsVisible = 0;
			defaultConfigurationName = Release;
		};
		BB9965D12F2CFC5400CCE291 /* Build configuration list for PBXNativeTarget "GalleryApp" */ = {
			isa = XCConfigurationList;
			buildConfigurations = (
				BB9965D22F2CFC5400CCE291 /* Debug */,
				BB9965D32F2CFC5400CCE291 /* Release */,
			);
			defaultConfigurationIsVisible = 0;
			defaultConfigurationName = Release;
		};
		BB9965D62F2CFC5400CCE291 /* Build configuration list for PBXNativeTarget "GalleryAppTests" */ = {
			isa = XCConfigurationList;
			buildConfigurations = (
				BB9965D72F2CFC5400CCE291 /* Debug */,
				BB9965D82F2CFC5400CCE291 /* Release */,
			);
			defaultConfigurationIsVisible = 0;
			defaultConfigurationName = Release;
		};
		BB9965D92F2CFC5400CCE291 /* Build configuration list for PBXNativeTarget "GalleryAppUITests" */ = {
			isa = XCConfigurationList;
			buildConfigurations = (
				BB9965DA2F2CFC5400CCE291 /* Debug */,
				BB9965DB2F2CFC5400CCE291 /* Release */,
			);
			defaultConfigurationIsVisible = 0;
			defaultConfigurationName = Release;
		};
/* End XCConfigurationList section */

/* Begin XCRemoteSwiftPackageReference section */
		BB4DD9642F2D2F6B004FBF11 /* XCRemoteSwiftPackageReference "SwiftLint" */ = {
			isa = XCRemoteSwiftPackageReference;
			repositoryURL = "https://github.com/realm/SwiftLint";
			requirement = {
				kind = upToNextMajorVersion;
				minimumVersion = 0.63.2;
			};
		};
		BB769E0E2F2FAF4F009B7C22 /* XCRemoteSwiftPackageReference "Kingfisher" */ = {
			isa = XCRemoteSwiftPackageReference;
			repositoryURL = "https://github.com/onevcat/Kingfisher";
			requirement = {
				kind = upToNextMajorVersion;
				minimumVersion = 8.6.2;
			};
		};
/* End XCRemoteSwiftPackageReference section */

/* Begin XCSwiftPackageProductDependency section */
		BB4DD9652F2D3167004FBF11 /* SwiftLintBuildToolPlugin */ = {
			isa = XCSwiftPackageProductDependency;
			package = BB4DD9642F2D2F6B004FBF11 /* XCRemoteSwiftPackageReference "SwiftLint" */;
			productName = "plugin:SwiftLintBuildToolPlugin";
		};
		BB769E0F2F2FAF4F009B7C22 /* Kingfisher */ = {
			isa = XCSwiftPackageProductDependency;
			package = BB769E0E2F2FAF4F009B7C22 /* XCRemoteSwiftPackageReference "Kingfisher" */;
			productName = Kingfisher;
		};
/* End XCSwiftPackageProductDependency section */
	};
	rootObject = BB9965A02F2CFC5200CCE291 /* Project object */;
}
